Microsoft Visual Studio Solution File, Format Version 12.00
# Visual Studio Version 17
VisualStudioVersion = 17.5.2.0
MinimumVisualStudioVersion = 10.0.40219.1
Project("{2150E333-8FDC-42A3-9474-1A3956D46DE8}") = "src", "src", "{827E0CD3-B72D-47B6-A68D-7590B98EB39B}"
EndProject
Project("{2150E333-8FDC-42A3-9474-1A3956D46DE8}") = "Api", "Api", "{81034408-37C8-1011-444E-4C15C2FADA8E}"
EndProject
Project("{FAE04EC0-301F-11D3-BF4B-00C04F79EFBC}") = "DistributedJobQueue.Api", "src\Api\DistributedJobQueue.Api.csproj", "{2D91A073-5CD8-D0A9-CCA5-8DDEE989CD12}"
EndProject
Global
	GlobalSection(SolutionConfigurationPlatforms) = preSolution
		Debug|Any CPU = Debug|Any CPU
		Release|Any CPU = Release|Any CPU
	EndGlobalSection
	GlobalSection(ProjectConfigurationPlatforms) = postSolution
		{2D91A073-5CD8-D0A9-CCA5-8DDEE989CD12}.Debug|Any CPU.ActiveCfg = Debug|Any CPU
		{2D91A073-5CD8-D0A9-CCA5-8DDEE989CD12}.Debug|Any CPU.Build.0 = Debug|Any CPU
		{2D91A073-5CD8-D0A9-CCA5-8DDEE989CD12}.Release|Any CPU.ActiveCfg = Release|Any CPU
		{2D91A073-5CD8-D0A9-CCA5-8DDEE989CD12}.Release|Any CPU.Build.0 = Release|Any CPU
	EndGlobalSection
	GlobalSection(SolutionProperties) = preSolution
		HideSolutionNode = FALSE
	EndGlobalSection
	GlobalSection(NestedProjects) = preSolution
		{81034408-37C8-1011-444E-4C15C2FADA8E} = {827E0CD3-B72D-47B6-A68D-7590B98EB39B}
		{2D91A073-5CD8-D0A9-CCA5-8DDEE989CD12} = {81034408-37C8-1011-444E-4C15C2FADA8E}
	EndGlobalSection
	GlobalSection(ExtensibilityGlobals) = postSolution
		SolutionGuid = {1DAE65E4-39DE-44BD-9DA7-E71DAF92ED83}
	EndGlobalSection
EndGlobal
